
Microsoft Visual Studio Solution File, Format Version 12.00
# Visual Studio Version 16
VisualStudioVersion = 16.0.32901.82
MinimumVisualStudioVersion = 10.0.40219.1
Project("{FAE04EC0-301F-11D3-BF4B-00C04F79EFBC}") = "BitOperations", "BitOperations\BitOperations.csproj", "{5052A98F-1DC6-43C2-BDFD-0639404B79E9}"
EndProject
Project("{FAE04EC0-301F-11D3-BF4B-00C04F79EFBC}") = "NumbersExtensionNUTests", "NumbersExtensionNUTests\NumbersExtensionNUTests.csproj", "{05401E97-CFF0-4A14-A0F7-B7EF584723EA}"
EndProject
Global
	GlobalSection(SolutionConfigurationPlatforms) = preSolution
		Debug|Any CPU = Debug|Any CPU
		Release|Any CPU = Release|Any CPU
	EndGlobalSection
	GlobalSection(ProjectConfigurationPlatforms) = postSolution
		{5052A98F-1DC6-43C2-BDFD-0639404B79E9}.Debug|Any CPU.ActiveCfg = Debug|Any CPU
		{5052A98F-1DC6-43C2-BDFD-0639404B79E9}.Debug|Any CPU.Build.0 = Debug|Any CPU
		{5052A98F-1DC6-43C2-BDFD-0639404B79E9}.Release|Any CPU.ActiveCfg = Release|Any CPU
		{5052A98F-1DC6-43C2-BDFD-0639404B79E9}.Release|Any CPU.Build.0 = Release|Any CPU
		{05401E97-CFF0-4A14-A0F7-B7EF584723EA}.Debug|Any CPU.ActiveCfg = Debug|Any CPU
		{05401E97-CFF0-4A14-A0F7-B7EF584723EA}.Debug|Any CPU.Build.0 = Debug|Any CPU
		{05401E97-CFF0-4A14-A0F7-B7EF584723EA}.Release|Any CPU.ActiveCfg = Release|Any CPU
		{05401E97-CFF0-4A14-A0F7-B7EF584723EA}.Release|Any CPU.Build.0 = Release|Any CPU
	EndGlobalSection
	GlobalSection(SolutionProperties) = preSolution
		HideSolutionNode = FALSE
	EndGlobalSection
	GlobalSection(ExtensibilityGlobals) = postSolution
		SolutionGuid = {B83A01B2-308B-4151-880B-20CE508C1837}
	EndGlobalSection
EndGlobal
